
Microsoft Visual Studio Solution File, Format Version 12.00
# Visual Studio Version 17
VisualStudioVersion = 17.2.32630.192
MinimumVisualStudioVersion = 10.0.40219.1
Project("{8BC9CEB8-8B4A-11D0-8D11-00A0C91BC942}") = "CK Day01", "CKorea\CKorea.vcxproj", "{6186E398-3EA3-498C-91B9-E293A65E2BFE}"
EndProject
Project("{8BC9CEB8-8B4A-11D0-8D11-00A0C91BC942}") = "CK Day02", "Day2\Day2.vcxproj", "{F517F78B-D29D-455B-A564-19F2366077F1}"
EndProject
Project("{8BC9CEB8-8B4A-11D0-8D11-00A0C91BC942}") = "CK Day03", "CK Day03\CK Day03.vcxproj", "{5BF2B634-CEEA-4007-B463-F83662D31DD3}"
EndProject
Project("{8BC9CEB8-8B4A-11D0-8D11-00A0C91BC942}") = "imageDlg", "imageDlg\imageDlg.vcxproj", "{F2B1A920-83B6-4726-9B63-D426C661DCDA}"
EndProject
Project("{8BC9CEB8-8B4A-11D0-8D11-00A0C91BC942}") = "CK Day04", "CK Day04\CK Day04.vcxproj", "{F4F60711-4A46-43AC-89E0-42B93394375C}"
EndProject
Project("{8BC9CEB8-8B4A-11D0-8D11-00A0C91BC942}") = "CK Day05", "CK Day05\CK Day05.vcxproj", "{710A0C02-63B8-4668-BF6E-7AC911F7510D}"
EndProject
Project("{8BC9CEB8-8B4A-11D0-8D11-00A0C91BC942}") = "Piano", "Piano\Piano.vcxproj", "{CF2DF400-0AC1-4D38-9F5C-3CDC7B9A6B07}"
EndProject
Project("{8BC9CEB8-8B4A-11D0-8D11-00A0C91BC942}") = "CK Day06", "CK Day06\CK Day06.vcxproj", "{496312F8-26B9-4DBA-BBA0-63802048985F}"
EndProject
Project("{8BC9CEB8-8B4A-11D0-8D11-00A0C91BC942}") = "CK Day07", "CK Day07\CK Day07.vcxproj", "{5288A91F-72F3-44F1-B708-E38504366E1B}"
EndProject
Project("{8BC9CEB8-8B4A-11D0-8D11-00A0C91BC942}") = "CK Day08", "CK Day08\CK Day08.vcxproj", "{DA38890B-EE37-4B5D-A621-83DEAA4CAB64}"
EndProject
Global
	GlobalSection(SolutionConfigurationPlatforms) = preSolution
		Debug|x64 = Debug|x64
		Debug|x86 = Debug|x86
		Release|x64 = Release|x64
		Release|x86 = Release|x86
	EndGlobalSection
	GlobalSection(ProjectConfigurationPlatforms) = postSolution
		{6186E398-3EA3-498C-91B9-E293A65E2BFE}.Debug|x64.ActiveCfg = Debug|x64
		{6186E398-3EA3-498C-91B9-E293A65E2BFE}.Debug|x64.Build.0 = Debug|x64
		{6186E398-3EA3-498C-91B9-E293A65E2BFE}.Debug|x86.ActiveCfg = Debug|Win32
		{6186E398-3EA3-498C-91B9-E293A65E2BFE}.Debug|x86.Build.0 = Debug|Win32
		{6186E398-3EA3-498C-91B9-E293A65E2BFE}.Release|x64.ActiveCfg = Release|x64
		{6186E398-3EA3-498C-91B9-E293A65E2BFE}.Release|x64.Build.0 = Release|x64
		{6186E398-3EA3-498C-91B9-E293A65E2BFE}.Release|x86.ActiveCfg = Release|Win32
		{6186E398-3EA3-498C-91B9-E293A65E2BFE}.Release|x86.Build.0 = Release|Win32
		{F517F78B-D29D-455B-A564-19F2366077F1}.Debug|x64.ActiveCfg = Debug|x64
		{F517F78B-D29D-455B-A564-19F2366077F1}.Debug|x64.Build.0 = Debug|x64
		{F517F78B-D29D-455B-A564-19F2366077F1}.Debug|x86.ActiveCfg = Debug|Win32
		{F517F78B-D29D-455B-A564-19F2366077F1}.Debug|x86.Build.0 = Debug|Win32
		{F517F78B-D29D-455B-A564-19F2366077F1}.Release|x64.ActiveCfg = Release|x64
		{F517F78B-D29D-455B-A564-19F2366077F1}.Release|x64.Build.0 = Release|x64
		{F517F78B-D29D-455B-A564-19F2366077F1}.Release|x86.ActiveCfg = Release|Win32
		{F517F78B-D29D-455B-A564-19F2366077F1}.Release|x86.Build.0 = Release|Win32
		{5BF2B634-CEEA-4007-B463-F83662D31DD3}.Debug|x64.ActiveCfg = Debug|x64
		{5BF2B634-CEEA-4007-B463-F83662D31DD3}.Debug|x64.Build.0 = Debug|x64
		{5BF2B634-CEEA-4007-B463-F83662D31DD3}.Debug|x86.ActiveCfg = Debug|Win32
		{5BF2B634-CEEA-4007-B463-F83662D31DD3}.Debug|x86.Build.0 = Debug|Win32
		{5BF2B634-CEEA-4007-B463-F83662D31DD3}.Release|x64.ActiveCfg = Release|x64
		{5BF2B634-CEEA-4007-B463-F83662D31DD3}.Release|x64.Build.0 = Release|x64
		{5BF2B634-CEEA-4007-B463-F83662D31DD3}.Release|x86.ActiveCfg = Release|Win32
		{5BF2B634-CEEA-4007-B463-F83662D31DD3}.Release|x86.Build.0 = Release|Win32
		{F2B1A920-83B6-4726-9B63-D426C661DCDA}.Debug|x64.ActiveCfg = Debug|x64
		{F2B1A920-83B6-4726-9B63-D426C661DCDA}.Debug|x64.Build.0 = Debug|x64
		{F2B1A920-83B6-4726-9B63-D426C661DCDA}.Debug|x86.ActiveCfg = Debug|Win32
		{F2B1A920-83B6-4726-9B63-D426C661DCDA}.Debug|x86.Build.0 = Debug|Win32
		{F2B1A920-83B6-4726-9B63-D426C661DCDA}.Release|x64.ActiveCfg = Release|x64
		{F2B1A920-83B6-4726-9B63-D426C661DCDA}.Release|x64.Build.0 = Release|x64
		{F2B1A920-83B6-4726-9B63-D426C661DCDA}.Release|x86.ActiveCfg = Release|Win32
		{F2B1A920-83B6-4726-9B63-D426C661DCDA}.Release|x86.Build.0 = Release|Win32
		{F4F60711-4A46-43AC-89E0-42B93394375C}.Debug|x64.ActiveCfg = Debug|x64
		{F4F60711-4A46-43AC-89E0-42B93394375C}.Debug|x64.Build.0 = Debug|x64
		{F4F60711-4A46-43AC-89E0-42B93394375C}.Debug|x86.ActiveCfg = Debug|Win32
		{F4F60711-4A46-43AC-89E0-42B93394375C}.Debug|x86.Build.0 = Debug|Win32
		{F4F60711-4A46-43AC-89E0-42B93394375C}.Release|x64.ActiveCfg = Release|x64
		{F4F60711-4A46-43AC-89E0-42B93394375C}.Release|x64.Build.0 = Release|x64
		{F4F60711-4A46-43AC-89E0-42B93394375C}.Release|x86.ActiveCfg = Release|Win32
		{F4F60711-4A46-43AC-89E0-42B93394375C}.Release|x86.Build.0 = Release|Win32
		{710A0C02-63B8-4668-BF6E-7AC911F7510D}.Debug|x64.ActiveCfg = Debug|x64
		{710A0C02-63B8-4668-BF6E-7AC911F7510D}.Debug|x64.Build.0 = Debug|x64
		{710A0C02-63B8-4668-BF6E-7AC911F7510D}.Debug|x86.ActiveCfg = Debug|Win32
		{710A0C02-63B8-4668-BF6E-7AC911F7510D}.Debug|x86.Build.0 = Debug|Win32
		{710A0C02-63B8-4668-BF6E-7AC911F7510D}.Release|x64.ActiveCfg = Release|x64
		{710A0C02-63B8-4668-BF6E-7AC911F7510D}.Release|x64.Build.0 = Release|x64
		{710A0C02-63B8-4668-BF6E-7AC911F7510D}.Release|x86.ActiveCfg = Release|Win32
		{710A0C02-63B8-4668-BF6E-7AC911F7510D}.Release|x86.Build.0 = Release|Win32
		{CF2DF400-0AC1-4D38-9F5C-3CDC7B9A6B07}.Debug|x64.ActiveCfg = Debug|x64
		{CF2DF400-0AC1-4D38-9F5C-3CDC7B9A6B07}.Debug|x64.Build.0 = Debug|x64
		{CF2DF400-0AC1-4D38-9F5C-3CDC7B9A6B07}.Debug|x86.ActiveCfg = Debug|Win32
		{CF2DF400-0AC1-4D38-9F5C-3CDC7B9A6B07}.Debug|x86.Build.0 = Debug|Win32
		{CF2DF400-0AC1-4D38-9F5C-3CDC7B9A6B07}.Release|x64.ActiveCfg = Release|x64
		{CF2DF400-0AC1-4D38-9F5C-3CDC7B9A6B07}.Release|x64.Build.0 = Release|x64
		{CF2DF400-0AC1-4D38-9F5C-3CDC7B9A6B07}.Release|x86.ActiveCfg = Release|Win32
		{CF2DF400-0AC1-4D38-9F5C-3CDC7B9A6B07}.Release|x86.Build.0 = Release|Win32
		{496312F8-26B9-4DBA-BBA0-63802048985F}.Debug|x64.ActiveCfg = Debug|x64
		{496312F8-26B9-4DBA-BBA0-63802048985F}.Debug|x64.Build.0 = Debug|x64
		{496312F8-26B9-4DBA-BBA0-63802048985F}.Debug|x86.ActiveCfg = Debug|Win32
		{496312F8-26B9-4DBA-BBA0-63802048985F}.Debug|x86.Build.0 = Debug|Win32
		{496312F8-26B9-4DBA-BBA0-63802048985F}.Release|x64.ActiveCfg = Release|x64
		{496312F8-26B9-4DBA-BBA0-63802048985F}.Release|x64.Build.0 = Release|x64
		{496312F8-26B9-4DBA-BBA0-63802048985F}.Release|x86.ActiveCfg = Release|Win32
		{496312F8-26B9-4DBA-BBA0-63802048985F}.Release|x86.Build.0 = Release|Win32
		{5288A91F-72F3-44F1-B708-E38504366E1B}.Debug|x64.ActiveCfg = Debug|x64
		{5288A91F-72F3-44F1-B708-E38504366E1B}.Debug|x64.Build.0 = Debug|x64
		{5288A91F-72F3-44F1-B708-E38504366E1B}.Debug|x86.ActiveCfg = Debug|Win32
		{5288A91F-72F3-44F1-B708-E38504366E1B}.Debug|x86.Build.0 = Debug|Win32
		{5288A91F-72F3-44F1-B708-E38504366E1B}.Release|x64.ActiveCfg = Release|x64
		{5288A91F-72F3-44F1-B708-E38504366E1B}.Release|x64.Build.0 = Release|x64
		{5288A91F-72F3-44F1-B708-E38504366E1B}.Release|x86.ActiveCfg = Release|Win32
		{5288A91F-72F3-44F1-B708-E38504366E1B}.Release|x86.Build.0 = Release|Win32
		{DA38890B-EE37-4B5D-A621-83DEAA4CAB64}.Debug|x64.ActiveCfg = Debug|x64
		{DA38890B-EE37-4B5D-A621-83DEAA4CAB64}.Debug|x64.Build.0 = Debug|x64
		{DA38890B-EE37-4B5D-A621-83DEAA4CAB64}.Debug|x86.ActiveCfg = Debug|Win32
		{DA38890B-EE37-4B5D-A621-83DEAA4CAB64}.Debug|x86.Build.0 = Debug|Win32
		{DA38890B-EE37-4B5D-A621-83DEAA4CAB64}.Release|x64.ActiveCfg = Release|x64
		{DA38890B-EE37-4B5D-A621-83DEAA4CAB64}.Release|x64.Build.0 = Release|x64
		{DA38890B-EE37-4B5D-A621-83DEAA4CAB64}.Release|x86.ActiveCfg = Release|Win32
		{DA38890B-EE37-4B5D-A621-83DEAA4CAB64}.Release|x86.Build.0 = Release|Win32
	EndGlobalSection
	GlobalSection(SolutionProperties) = preSolution
		HideSolutionNode = FALSE
	EndGlobalSection
	GlobalSection(ExtensibilityGlobals) = postSolution
		SolutionGuid = {3CCF74BA-41C6-4194-A66A-B5E933183102}
	EndGlobalSection
EndGlobal
